
Microsoft Visual Studio Solution File, Format Version 12.00
# Visual Studio 14
VisualStudioVersion = 14.0.25420.1
MinimumVisualStudioVersion = 10.0.40219.1
Project("{8BC9CEB8-8B4A-11D0-8D11-00A0C91BC942}") = "Project1", "Project1\Project1.vcxproj", "{6E1E31DE-4E3E-4B1F-A1D9-C7E05C5EBED8}"
EndProject
Project("{8BC9CEB8-8B4A-11D0-8D11-00A0C91BC942}") = "dragon_diplom", "..\..\..\KARABANOV\3D_visualization\dragon_diplom\dragon_diplom\dragon_diplom.vcxproj", "{5692D530-D0E0-4442-9838-F825F3EF3FB0}"
EndProject
Global
	GlobalSection(SolutionConfigurationPlatforms) = preSolution
		Debug|x64 = Debug|x64
		Debug|x86 = Debug|x86
		Release|x64 = Release|x64
		Release|x86 = Release|x86
	EndGlobalSection
	GlobalSection(ProjectConfigurationPlatforms) = postSolution
		{6E1E31DE-4E3E-4B1F-A1D9-C7E05C5EBED8}.Debug|x64.ActiveCfg = Debug|x64
		{6E1E31DE-4E3E-4B1F-A1D9-C7E05C5EBED8}.Debug|x64.Build.0 = Debug|x64
		{6E1E31DE-4E3E-4B1F-A1D9-C7E05C5EBED8}.Debug|x86.ActiveCfg = Debug|Win32
		{6E1E31DE-4E3E-4B1F-A1D9-C7E05C5EBED8}.Debug|x86.Build.0 = Debug|Win32
		{6E1E31DE-4E3E-4B1F-A1D9-C7E05C5EBED8}.Release|x64.ActiveCfg = Release|x64
		{6E1E31DE-4E3E-4B1F-A1D9-C7E05C5EBED8}.Release|x64.Build.0 = Release|x64
		{6E1E31DE-4E3E-4B1F-A1D9-C7E05C5EBED8}.Release|x86.ActiveCfg = Release|Win32
		{6E1E31DE-4E3E-4B1F-A1D9-C7E05C5EBED8}.Release|x86.Build.0 = Release|Win32
		{5692D530-D0E0-4442-9838-F825F3EF3FB0}.Debug|x64.ActiveCfg = Debug|x64
		{5692D530-D0E0-4442-9838-F825F3EF3FB0}.Debug|x64.Build.0 = Debug|x64
		{5692D530-D0E0-4442-9838-F825F3EF3FB0}.Debug|x86.ActiveCfg = Debug|Win32
		{5692D530-D0E0-4442-9838-F825F3EF3FB0}.Debug|x86.Build.0 = Debug|Win32
		{5692D530-D0E0-4442-9838-F825F3EF3FB0}.Release|x64.ActiveCfg = Release|x64
		{5692D530-D0E0-4442-9838-F825F3EF3FB0}.Release|x64.Build.0 = Release|x64
		{5692D530-D0E0-4442-9838-F825F3EF3FB0}.Release|x86.ActiveCfg = Release|Win32
		{5692D530-D0E0-4442-9838-F825F3EF3FB0}.Release|x86.Build.0 = Release|Win32
	EndGlobalSection
	GlobalSection(SolutionProperties) = preSolution
		HideSolutionNode = FALSE
	EndGlobalSection
	GlobalSection(ExtensibilityGlobals) = postSolution
		SolutionGuid = {4616F24C-4E3E-4F81-B39C-049A417214FB}
	EndGlobalSection
EndGlobal
